
Microsoft Visual Studio Solution File, Format Version 12.00
# Visual Studio Version 17
VisualStudioVersion = 17.11.35222.181
MinimumVisualStudioVersion = 10.0.40219.1
Project("{FAE04EC0-301F-11D3-BF4B-00C04F79EFBC}") = "Krema", "Krema\Krema.csproj", "{B0DB7E14-E1A6-407C-8FB2-2C72F5236B6E}"
EndProject
Global
	GlobalSection(SolutionConfigurationPlatforms) = preSolution
		Debug|Any CPU = Debug|Any CPU
		Release|Any CPU = Release|Any CPU
	EndGlobalSection
	GlobalSection(ProjectConfigurationPlatforms) = postSolution
		{B0DB7E14-E1A6-407C-8FB2-2C72F5236B6E}.Debug|Any CPU.ActiveCfg = Debug|Any CPU
		{B0DB7E14-E1A6-407C-8FB2-2C72F5236B6E}.Debug|Any CPU.Build.0 = Debug|Any CPU
		{B0DB7E14-E1A6-407C-8FB2-2C72F5236B6E}.Release|Any CPU.ActiveCfg = Release|Any CPU
		{B0DB7E14-E1A6-407C-8FB2-2C72F5236B6E}.Release|Any CPU.Build.0 = Release|Any CPU
	EndGlobalSection
	GlobalSection(SolutionProperties) = preSolution
		HideSolutionNode = FALSE
	EndGlobalSection
	GlobalSection(ExtensibilityGlobals) = postSolution
		SolutionGuid = {C1EBF657-699B-4410-8DD9-CAC6B2EB898E}
	EndGlobalSection
EndGlobal
